
Microsoft Visual Studio Solution File, Format Version 12.00
# Visual Studio 14
VisualStudioVersion = 14.0.24720.0
MinimumVisualStudioVersion = 10.0.40219.1
Project("{FAE04EC0-301F-11D3-BF4B-00C04F79EFBC}") = "AdConta", "AdConta\AdConta.csproj", "{4A9F091A-1A01-4455-960D-DD2CCFFBE11E}"
EndProject
Project("{FAE04EC0-301F-11D3-BF4B-00C04F79EFBC}") = "ViewModel", "ViewModel\ViewModel.csproj", "{6CC0248D-705D-4D99-A665-22FF68EC8E37}"
EndProject
Project("{FAE04EC0-301F-11D3-BF4B-00C04F79EFBC}") = "Models", "Models\Models.csproj", "{941A90CB-1636-48BB-9A7B-BC560EA30BA9}"
EndProject
Project("{FAE04EC0-301F-11D3-BF4B-00C04F79EFBC}") = "CustomChromeLibrary", "..\..\C#\WpfCustomChromeLib\Libraries\CustomChromeLibrary\CustomChromeLibrary.csproj", "{25990F61-A27B-4EDF-A402-B31BF952153F}"
EndProject
Project("{FAE04EC0-301F-11D3-BF4B-00C04F79EFBC}") = "TBoxLabel", "TBoxLabel\TBoxLabel.csproj", "{05445759-F7BF-4397-86BD-EF34C54DD30E}"
EndProject
Project("{FAE04EC0-301F-11D3-BF4B-00C04F79EFBC}") = "GeneralHelpers", "GeneralHelpers\GeneralHelpers.csproj", "{419B406E-5A8B-4EBC-AC38-BCF9E5FEE940}"
EndProject
Project("{FAE04EC0-301F-11D3-BF4B-00C04F79EFBC}") = "TabbedExpanderCustomControl", "TabbedExpanderCustomControl\TabbedExpanderCustomControl.csproj", "{E11C702F-EBBC-4D3A-BEB7-7FB951DB254D}"
EndProject
Project("{2150E333-8FDC-42A3-9474-1A3956D46DE8}") = "Modulos", "Modulos", "{13ADE3DD-A0C8-4E95-8C2B-81FC04957261}"
EndProject
Project("{2150E333-8FDC-42A3-9474-1A3956D46DE8}") = "Helpers", "Helpers", "{401AE2E3-7D5B-4B5B-A11B-20ACF624076E}"
EndProject
Project("{2150E333-8FDC-42A3-9474-1A3956D46DE8}") = "Custom-UserControl", "Custom-UserControl", "{BA21D1B9-1FA3-4C45-91A6-FCE8EE5F1A3B}"
EndProject
Project("{2150E333-8FDC-42A3-9474-1A3956D46DE8}") = "Messenger", "Messenger", "{D3D84806-D280-4CC9-8E8A-FBDCB5052317}"
EndProject
Project("{FAE04EC0-301F-11D3-BF4B-00C04F79EFBC}") = "Messenger", "Messenger\Messenger.csproj", "{464405CA-0BAE-49AF-A07E-4657BA2DB5BA}"
EndProject
Project("{2150E333-8FDC-42A3-9474-1A3956D46DE8}") = "Solution Items", "Solution Items", "{489A0483-4162-4EC7-A99A-847843D899FD}"
	ProjectSection(SolutionItems) = preProject
		SETTINGS.txt = SETTINGS.txt
		XMLFile1.xml = XMLFile1.xml
	EndProjectSection
EndProject
Project("{FAE04EC0-301F-11D3-BF4B-00C04F79EFBC}") = "GlobalSettings", "GlobalSettings\GlobalSettings.csproj", "{697DC7B8-7608-4B68-970B-1E67BE52979B}"
EndProject
Project("{FAE04EC0-301F-11D3-BF4B-00C04F79EFBC}") = "Converters", "Converters\Converters.csproj", "{1D039E54-9B3D-4AE3-AF95-CD26D759497A}"
EndProject
Project("{FAE04EC0-301F-11D3-BF4B-00C04F79EFBC}") = "ModuloContabilidad", "ModuloContabilidad\ModuloContabilidad.csproj", "{4BF923EF-6E9A-4781-9BC1-E0A00D0330C7}"
EndProject
Project("{FAE04EC0-301F-11D3-BF4B-00C04F79EFBC}") = "ModuloGestion", "ModuloGestion\ModuloGestion.csproj", "{7055D918-5F2B-44FF-9B5C-8072EAF71A4B}"
EndProject
Project("{2150E333-8FDC-42A3-9474-1A3956D46DE8}") = "ObjModels", "ObjModels", "{B4B94F25-ED1E-4CC1-9CDC-F262F0899BC1}"
EndProject
Project("{FAE04EC0-301F-11D3-BF4B-00C04F79EFBC}") = "ObjModels_Contabilidad", "ObjModels_Contabilidad\ObjModels_Contabilidad.csproj", "{D4AC8B21-1FFC-4B13-AD1C-CA3D7CB5C497}"
EndProject
Project("{FAE04EC0-301F-11D3-BF4B-00C04F79EFBC}") = "ObjModels_Gestion", "ObjModels_Gestion\ObjModels_Gestion.csproj", "{6086EAA3-02EE-4E05-A9A9-3362488BE42A}"
EndProject
Project("{2150E333-8FDC-42A3-9474-1A3956D46DE8}") = "ModelsAndRepository", "ModelsAndRepository", "{87CE1283-E360-4E53-A07A-9217E647C719}"
EndProject
Project("{FAE04EC0-301F-11D3-BF4B-00C04F79EFBC}") = "Repository", "Repository\Repository.csproj", "{441F08BB-C1E9-484A-8ECB-F661004BF47F}"
EndProject
Global
	GlobalSection(SolutionConfigurationPlatforms) = preSolution
		Debug|Any CPU = Debug|Any CPU
		Release|Any CPU = Release|Any CPU
	EndGlobalSection
	GlobalSection(ProjectConfigurationPlatforms) = postSolution
		{4A9F091A-1A01-4455-960D-DD2CCFFBE11E}.Debug|Any CPU.ActiveCfg = Debug|Any CPU
		{4A9F091A-1A01-4455-960D-DD2CCFFBE11E}.Debug|Any CPU.Build.0 = Debug|Any CPU
		{4A9F091A-1A01-4455-960D-DD2CCFFBE11E}.Release|Any CPU.ActiveCfg = Release|Any CPU
		{4A9F091A-1A01-4455-960D-DD2CCFFBE11E}.Release|Any CPU.Build.0 = Release|Any CPU
		{6CC0248D-705D-4D99-A665-22FF68EC8E37}.Debug|Any CPU.ActiveCfg = Debug|Any CPU
		{6CC0248D-705D-4D99-A665-22FF68EC8E37}.Debug|Any CPU.Build.0 = Debug|Any CPU
		{6CC0248D-705D-4D99-A665-22FF68EC8E37}.Release|Any CPU.ActiveCfg = Release|Any CPU
		{6CC0248D-705D-4D99-A665-22FF68EC8E37}.Release|Any CPU.Build.0 = Release|Any CPU
		{941A90CB-1636-48BB-9A7B-BC560EA30BA9}.Debug|Any CPU.ActiveCfg = Debug|Any CPU
		{941A90CB-1636-48BB-9A7B-BC560EA30BA9}.Debug|Any CPU.Build.0 = Debug|Any CPU
		{941A90CB-1636-48BB-9A7B-BC560EA30BA9}.Release|Any CPU.ActiveCfg = Release|Any CPU
		{941A90CB-1636-48BB-9A7B-BC560EA30BA9}.Release|Any CPU.Build.0 = Release|Any CPU
		{25990F61-A27B-4EDF-A402-B31BF952153F}.Debug|Any CPU.ActiveCfg = Debug|Any CPU
		{25990F61-A27B-4EDF-A402-B31BF952153F}.Debug|Any CPU.Build.0 = Debug|Any CPU
		{25990F61-A27B-4EDF-A402-B31BF952153F}.Release|Any CPU.ActiveCfg = Release|Any CPU
		{25990F61-A27B-4EDF-A402-B31BF952153F}.Release|Any CPU.Build.0 = Release|Any CPU
		{05445759-F7BF-4397-86BD-EF34C54DD30E}.Debug|Any CPU.ActiveCfg = Debug|Any CPU
		{05445759-F7BF-4397-86BD-EF34C54DD30E}.Debug|Any CPU.Build.0 = Debug|Any CPU
		{05445759-F7BF-4397-86BD-EF34C54DD30E}.Release|Any CPU.ActiveCfg = Release|Any CPU
		{05445759-F7BF-4397-86BD-EF34C54DD30E}.Release|Any CPU.Build.0 = Release|Any CPU
		{419B406E-5A8B-4EBC-AC38-BCF9E5FEE940}.Debug|Any CPU.ActiveCfg = Debug|Any CPU
		{419B406E-5A8B-4EBC-AC38-BCF9E5FEE940}.Debug|Any CPU.Build.0 = Debug|Any CPU
		{419B406E-5A8B-4EBC-AC38-BCF9E5FEE940}.Release|Any CPU.ActiveCfg = Release|Any CPU
		{419B406E-5A8B-4EBC-AC38-BCF9E5FEE940}.Release|Any CPU.Build.0 = Release|Any CPU
		{E11C702F-EBBC-4D3A-BEB7-7FB951DB254D}.Debug|Any CPU.ActiveCfg = Debug|Any CPU
		{E11C702F-EBBC-4D3A-BEB7-7FB951DB254D}.Debug|Any CPU.Build.0 = Debug|Any CPU
		{E11C702F-EBBC-4D3A-BEB7-7FB951DB254D}.Release|Any CPU.ActiveCfg = Release|Any CPU
		{E11C702F-EBBC-4D3A-BEB7-7FB951DB254D}.Release|Any CPU.Build.0 = Release|Any CPU
		{464405CA-0BAE-49AF-A07E-4657BA2DB5BA}.Debug|Any CPU.ActiveCfg = Debug|Any CPU
		{464405CA-0BAE-49AF-A07E-4657BA2DB5BA}.Debug|Any CPU.Build.0 = Debug|Any CPU
		{464405CA-0BAE-49AF-A07E-4657BA2DB5BA}.Release|Any CPU.ActiveCfg = Release|Any CPU
		{464405CA-0BAE-49AF-A07E-4657BA2DB5BA}.Release|Any CPU.Build.0 = Release|Any CPU
		{697DC7B8-7608-4B68-970B-1E67BE52979B}.Debug|Any CPU.ActiveCfg = Debug|Any CPU
		{697DC7B8-7608-4B68-970B-1E67BE52979B}.Debug|Any CPU.Build.0 = Debug|Any CPU
		{697DC7B8-7608-4B68-970B-1E67BE52979B}.Release|Any CPU.ActiveCfg = Release|Any CPU
		{697DC7B8-7608-4B68-970B-1E67BE52979B}.Release|Any CPU.Build.0 = Release|Any CPU
		{1D039E54-9B3D-4AE3-AF95-CD26D759497A}.Debug|Any CPU.ActiveCfg = Debug|Any CPU
		{1D039E54-9B3D-4AE3-AF95-CD26D759497A}.Debug|Any CPU.Build.0 = Debug|Any CPU
		{1D039E54-9B3D-4AE3-AF95-CD26D759497A}.Release|Any CPU.ActiveCfg = Release|Any CPU
		{1D039E54-9B3D-4AE3-AF95-CD26D759497A}.Release|Any CPU.Build.0 = Release|Any CPU
		{4BF923EF-6E9A-4781-9BC1-E0A00D0330C7}.Debug|Any CPU.ActiveCfg = Debug|Any CPU
		{4BF923EF-6E9A-4781-9BC1-E0A00D0330C7}.Debug|Any CPU.Build.0 = Debug|Any CPU
		{4BF923EF-6E9A-4781-9BC1-E0A00D0330C7}.Release|Any CPU.ActiveCfg = Release|Any CPU
		{4BF923EF-6E9A-4781-9BC1-E0A00D0330C7}.Release|Any CPU.Build.0 = Release|Any CPU
		{7055D918-5F2B-44FF-9B5C-8072EAF71A4B}.Debug|Any CPU.ActiveCfg = Debug|Any CPU
		{7055D918-5F2B-44FF-9B5C-8072EAF71A4B}.Debug|Any CPU.Build.0 = Debug|Any CPU
		{7055D918-5F2B-44FF-9B5C-8072EAF71A4B}.Release|Any CPU.ActiveCfg = Release|Any CPU
		{7055D918-5F2B-44FF-9B5C-8072EAF71A4B}.Release|Any CPU.Build.0 = Release|Any CPU
		{D4AC8B21-1FFC-4B13-AD1C-CA3D7CB5C497}.Debug|Any CPU.ActiveCfg = Debug|Any CPU
		{D4AC8B21-1FFC-4B13-AD1C-CA3D7CB5C497}.Debug|Any CPU.Build.0 = Debug|Any CPU
		{D4AC8B21-1FFC-4B13-AD1C-CA3D7CB5C497}.Release|Any CPU.ActiveCfg = Release|Any CPU
		{D4AC8B21-1FFC-4B13-AD1C-CA3D7CB5C497}.Release|Any CPU.Build.0 = Release|Any CPU
		{6086EAA3-02EE-4E05-A9A9-3362488BE42A}.Debug|Any CPU.ActiveCfg = Debug|Any CPU
		{6086EAA3-02EE-4E05-A9A9-3362488BE42A}.Debug|Any CPU.Build.0 = Debug|Any CPU
		{6086EAA3-02EE-4E05-A9A9-3362488BE42A}.Release|Any CPU.ActiveCfg = Release|Any CPU
		{6086EAA3-02EE-4E05-A9A9-3362488BE42A}.Release|Any CPU.Build.0 = Release|Any CPU
		{441F08BB-C1E9-484A-8ECB-F661004BF47F}.Debug|Any CPU.ActiveCfg = Debug|Any CPU
		{441F08BB-C1E9-484A-8ECB-F661004BF47F}.Debug|Any CPU.Build.0 = Debug|Any CPU
		{441F08BB-C1E9-484A-8ECB-F661004BF47F}.Release|Any CPU.ActiveCfg = Release|Any CPU
		{441F08BB-C1E9-484A-8ECB-F661004BF47F}.Release|Any CPU.Build.0 = Release|Any CPU
	EndGlobalSection
	GlobalSection(SolutionProperties) = preSolution
		HideSolutionNode = FALSE
	EndGlobalSection
	GlobalSection(NestedProjects) = preSolution
		{941A90CB-1636-48BB-9A7B-BC560EA30BA9} = {87CE1283-E360-4E53-A07A-9217E647C719}
		{25990F61-A27B-4EDF-A402-B31BF952153F} = {BA21D1B9-1FA3-4C45-91A6-FCE8EE5F1A3B}
		{05445759-F7BF-4397-86BD-EF34C54DD30E} = {BA21D1B9-1FA3-4C45-91A6-FCE8EE5F1A3B}
		{419B406E-5A8B-4EBC-AC38-BCF9E5FEE940} = {401AE2E3-7D5B-4B5B-A11B-20ACF624076E}
		{E11C702F-EBBC-4D3A-BEB7-7FB951DB254D} = {BA21D1B9-1FA3-4C45-91A6-FCE8EE5F1A3B}
		{464405CA-0BAE-49AF-A07E-4657BA2DB5BA} = {D3D84806-D280-4CC9-8E8A-FBDCB5052317}
		{697DC7B8-7608-4B68-970B-1E67BE52979B} = {401AE2E3-7D5B-4B5B-A11B-20ACF624076E}
		{1D039E54-9B3D-4AE3-AF95-CD26D759497A} = {401AE2E3-7D5B-4B5B-A11B-20ACF624076E}
		{4BF923EF-6E9A-4781-9BC1-E0A00D0330C7} = {13ADE3DD-A0C8-4E95-8C2B-81FC04957261}
		{7055D918-5F2B-44FF-9B5C-8072EAF71A4B} = {13ADE3DD-A0C8-4E95-8C2B-81FC04957261}
		{D4AC8B21-1FFC-4B13-AD1C-CA3D7CB5C497} = {B4B94F25-ED1E-4CC1-9CDC-F262F0899BC1}
		{6086EAA3-02EE-4E05-A9A9-3362488BE42A} = {B4B94F25-ED1E-4CC1-9CDC-F262F0899BC1}
		{441F08BB-C1E9-484A-8ECB-F661004BF47F} = {87CE1283-E360-4E53-A07A-9217E647C719}
	EndGlobalSection
EndGlobal
